<?xml version="1.0" encoding="utf-8"?>
<Project ToolsVersion="4.0" xmlns="http://schemas.microsoft.com/developer/msbuild/2003">
  <ItemGroup>
    <Filter Include="Source Files">
      <UniqueIdentifier>{4FC737F1-C7A5-4376-A066-2A32D752A2FF}</UniqueIdentifier>
      <Extensions>cpp;c;cc;cxx;c++;cppm;ixx;def;odl;idl;hpj;bat;asm;asmx</Extensions>
    </Filter>
    <Filter Include="Header Files">
      <UniqueIdentifier>{93995380-89BD-4b04-88EB-625FBE52EBFB}</UniqueIdentifier>
      <Extensions>h;hh;hpp;hxx;h++;hm;inl;inc;ipp;xsd</Extensions>
    </Filter>
    <Filter Include="Resource Files">
      <UniqueIdentifier>{67DA6AB6-F800-4c08-8B7A-83BB121AAD01}</UniqueIdentifier>
      <Extensions>rc;ico;cur;bmp;dlg;rc2;rct;bin;rgs;gif;jpg;jpeg;jpe;resx;tiff;tif;png;wav;mfcribbon-ms</Extensions>
    </Filter>
    <Filter Include="Source Files\gui">
      <UniqueIdentifier>{c398058b-7a5f-427b-97b9-2b4f8f36e7ed}</UniqueIdentifier>
    </Filter>
    <Filter Include="Source Files\third">
      <UniqueIdentifier>{f61c4b2b-c143-4416-9658-f396ac29ec73}</UniqueIdentifier>
    </Filter>
    <Filter Include="Source Files\third\imgui">
      <UniqueIdentifier>{d91b4596-b617-4820-8933-63955b503783}</UniqueIdentifier>
    </Filter>
  </ItemGroup>
  <ItemGroup>
    <ClCompile Include="gui_main.cc">
      <Filter>Source Files\gui</Filter>
    </ClCompile>
    <ClCompile Include="..\third\imgui\imgui.cpp">
      <Filter>Source Files\third\imgui</Filter>
    </ClCompile>
    <ClCompile Include="..\third\imgui\imgui_draw.cpp">
      <Filter>Source Files\third\imgui</Filter>
    </ClCompile>
    <ClCompile Include="..\third\imgui\imgui_tables.cpp">
      <Filter>Source Files\third\imgui</Filter>
    </ClCompile>
    <ClCompile Include="..\third\imgui\imgui_widgets.cpp">
      <Filter>Source Files\third\imgui</Filter>
    </ClCompile>
    <ClCompile Include="gui_cmdlist.cc">
      <Filter>Source Files\gui</Filter>
    </ClCompile>
    <ClCompile Include="gcn_op_names.cc">
      <Filter>Source Files\gui</Filter>
    </ClCompile>
    <ClCompile Include="gcn_context_regs.cc">
      <Filter>Source Files\gui</Filter>
    </ClCompile>
    <ClCompile Include="gcn_shader_regs.cc">
      <Filter>Source Files\gui</Filter>
    </ClCompile>
  </ItemGroup>
  <ItemGroup>
    <ClInclude Include="gui.h">
      <Filter>Header Files</Filter>
    </ClInclude>
    <ClInclude Include="brazor.h">
      <Filter>Header Files</Filter>
    </ClInclude>
    <ClInclude Include="config.h">
      <Filter>Header Files</Filter>
    </ClInclude>
  </ItemGroup>
</Project>